
Microsoft Visual Studio Solution File, Format Version 12.00
# Visual Studio Version 16
VisualStudioVersion = 16.0.30907.101
MinimumVisualStudioVersion = 10.0.40219.1
Project("{9A19103F-16F7-4668-BE54-9A1E7A4F7556}") = "serverapp", "serverapp\serverapp.csproj", "{C658666E-01E8-45AE-BD61-46E0B607396A}"
EndProject
Project("{9A19103F-16F7-4668-BE54-9A1E7A4F7556}") = "Infrastructure", "Infrastructure\Infrastructure.csproj", "{7C1561ED-ED3B-4239-813A-63E2DAA93DCC}"
EndProject
Project("{9A19103F-16F7-4668-BE54-9A1E7A4F7556}") = "ApplicationCore", "ApplicationCore\ApplicationCore.csproj", "{34A46C43-40CD-4F88-BBB8-5F0031E61610}"
EndProject
Project("{FAE04EC0-301F-11D3-BF4B-00C04F79EFBC}") = "Persistence", "Persistence\Persistence.csproj", "{D1711451-E921-43AA-BB3F-2A788F8F6216}"
EndProject
Project("{FAE04EC0-301F-11D3-BF4B-00C04F79EFBC}") = "WebApi", "WebApi\WebApi.csproj", "{E50F2BFB-5279-49F3-91FB-310779B5145E}"
EndProject
Global
	GlobalSection(SolutionConfigurationPlatforms) = preSolution
		Debug|Any CPU = Debug|Any CPU
		Release|Any CPU = Release|Any CPU
	EndGlobalSection
	GlobalSection(ProjectConfigurationPlatforms) = postSolution
		{C658666E-01E8-45AE-BD61-46E0B607396A}.Debug|Any CPU.ActiveCfg = Debug|Any CPU
		{C658666E-01E8-45AE-BD61-46E0B607396A}.Debug|Any CPU.Build.0 = Debug|Any CPU
		{C658666E-01E8-45AE-BD61-46E0B607396A}.Release|Any CPU.ActiveCfg = Release|Any CPU
		{C658666E-01E8-45AE-BD61-46E0B607396A}.Release|Any CPU.Build.0 = Release|Any CPU
		{7C1561ED-ED3B-4239-813A-63E2DAA93DCC}.Debug|Any CPU.ActiveCfg = Debug|Any CPU
		{7C1561ED-ED3B-4239-813A-63E2DAA93DCC}.Debug|Any CPU.Build.0 = Debug|Any CPU
		{7C1561ED-ED3B-4239-813A-63E2DAA93DCC}.Release|Any CPU.ActiveCfg = Release|Any CPU
		{7C1561ED-ED3B-4239-813A-63E2DAA93DCC}.Release|Any CPU.Build.0 = Release|Any CPU
		{34A46C43-40CD-4F88-BBB8-5F0031E61610}.Debug|Any CPU.ActiveCfg = Debug|Any CPU
		{34A46C43-40CD-4F88-BBB8-5F0031E61610}.Debug|Any CPU.Build.0 = Debug|Any CPU
		{34A46C43-40CD-4F88-BBB8-5F0031E61610}.Release|Any CPU.ActiveCfg = Release|Any CPU
		{34A46C43-40CD-4F88-BBB8-5F0031E61610}.Release|Any CPU.Build.0 = Release|Any CPU
		{D1711451-E921-43AA-BB3F-2A788F8F6216}.Debug|Any CPU.ActiveCfg = Debug|Any CPU
		{D1711451-E921-43AA-BB3F-2A788F8F6216}.Debug|Any CPU.Build.0 = Debug|Any CPU
		{D1711451-E921-43AA-BB3F-2A788F8F6216}.Release|Any CPU.ActiveCfg = Release|Any CPU
		{D1711451-E921-43AA-BB3F-2A788F8F6216}.Release|Any CPU.Build.0 = Release|Any CPU
		{E50F2BFB-5279-49F3-91FB-310779B5145E}.Debug|Any CPU.ActiveCfg = Debug|Any CPU
		{E50F2BFB-5279-49F3-91FB-310779B5145E}.Debug|Any CPU.Build.0 = Debug|Any CPU
		{E50F2BFB-5279-49F3-91FB-310779B5145E}.Release|Any CPU.ActiveCfg = Release|Any CPU
		{E50F2BFB-5279-49F3-91FB-310779B5145E}.Release|Any CPU.Build.0 = Release|Any CPU
	EndGlobalSection
	GlobalSection(SolutionProperties) = preSolution
		HideSolutionNode = FALSE
	EndGlobalSection
	GlobalSection(ExtensibilityGlobals) = postSolution
		SolutionGuid = {C8534EDD-2237-48F2-BCB1-96D7CEB31FE2}
	EndGlobalSection
EndGlobal
